
Microsoft Visual Studio Solution File, Format Version 12.00
# Visual Studio 15
VisualStudioVersion = 15.0.28010.2016
MinimumVisualStudioVersion = 10.0.40219.1
Project("{FAE04EC0-301F-11D3-BF4B-00C04F79EFBC}") = "URF", "URF\URF.csproj", "{E92448EA-589B-4295-B6CB-296B88F0FC65}"
EndProject
Global
	GlobalSection(SolutionConfigurationPlatforms) = preSolution
		Debug|Any CPU = Debug|Any CPU
		Release|Any CPU = Release|Any CPU
	EndGlobalSection
	GlobalSection(ProjectConfigurationPlatforms) = postSolution
		{E92448EA-589B-4295-B6CB-296B88F0FC65}.Debug|Any CPU.ActiveCfg = Debug|Any CPU
		{E92448EA-589B-4295-B6CB-296B88F0FC65}.Debug|Any CPU.Build.0 = Debug|Any CPU
		{E92448EA-589B-4295-B6CB-296B88F0FC65}.Release|Any CPU.ActiveCfg = Release|Any CPU
		{E92448EA-589B-4295-B6CB-296B88F0FC65}.Release|Any CPU.Build.0 = Release|Any CPU
	EndGlobalSection
	GlobalSection(SolutionProperties) = preSolution
		HideSolutionNode = FALSE
	EndGlobalSection
	GlobalSection(ExtensibilityGlobals) = postSolution
		SolutionGuid = {4435A1F0-50B1-4DC9-86B5-B2E57B6C6B89}
	EndGlobalSection
EndGlobal
